schema: '2.0'
stages:
  creation-dataset:
    cmd: python scripts/create_dataset.py
    deps:
    - path: scripts/create_dataset.py
      md5: 546db2fe8fe6f48e061b1dab7e3896af
      size: 1070
    outs:
    - path: assets/data
      md5: bb9729b7490b3327179f54168a0bddb8.dir
      size: 45013256
      nfiles: 2
  extract-feature:
    cmd: python scripts/extract_features.py
    deps:
    - path: assets/data/test.csv
      md5: 0234cbb96ea07db8239769b9601876bf
      size: 9018075
    - path: assets/data/train.csv
      md5: c300c2ece1bfac6d2b0cb1655e7d86a0
      size: 35995181
    - path: scripts/extract_features.py
      md5: 9e6a1b05ec4e8cb59926e1c4a0e7f672
      size: 6264
    outs:
    - path: assets/features
      md5: 6e9e272500679bc9c735ec8c8af31976.dir
      size: 37476708
      nfiles: 4
  train-model:
    cmd: python scripts/train_model.py
    deps:
    - path: assets/features/train_features.csv
      md5: fecdda7329684288770fe9a585de38aa
      size: 28918142
    - path: assets/features/train_labels.csv
      md5: 9fd9759979159d0834789a49cc3917a5
      size: 1026635
    - path: scripts/train_model.py
      md5: 33f90aeaaa9f3c0f3fe6030036fa5d16
      size: 585
    outs:
    - path: assets/models
      md5: 235ebfa03f86e90be42aa1c9673dd009.dir
      size: 1685
      nfiles: 1
  eval-model:
    cmd: python scripts/eval_model.py
    deps:
    - path: assets/features/test_features.csv
      md5: b60d3268802d4aef1eb890918ace737c
      size: 7273948
    - path: assets/features/test_labels.csv
      md5: c26f464446e2b9642fdf8f95a3145ea3
      size: 257983
    - path: assets/models/model.pk
      md5: 7b3ecb8ac84c782e1733a8ceba1e424d
      size: 1685
    - path: scripts/eval_model.py
      md5: b5ab490a670c604be8ae517af739d435
      size: 1151
    outs:
    - path: assets/metrics.json
      md5: f94236697cfca366c696e1f87d6065f6
      size: 139
